schema: '2.0'
stages:
  preprocess:
    cmd: python -m src.run_preprocess
    deps:
    - path: data/raw/german.data
      hash: md5
      md5: 6b94c2e35480e671545e52a808a8a549
      size: 79793
    - path: src/preprocessing.py
      hash: md5
      md5: b87064ecf2216a4e291b23b7cd727db1
      size: 2840
    - path: src/run_preprocess.py
      hash: md5
      md5: f5e6a226373090de8394b0ecddeaac24
      size: 698
    outs:
    - path: data/processed/test.csv
      hash: md5
      md5: 723a48066e683721e7c75797564d17c7
      size: 16824
    - path: data/processed/train.csv
      hash: md5
      md5: 05074b74330db37a6bb0fa74d63d061c
      size: 66289
